
Microsoft Visual Studio Solution File, Format Version 12.00
# Visual Studio Version 17
VisualStudioVersion = 17.9.34902.65
MinimumVisualStudioVersion = 10.0.40219.1
Project("{FAE04EC0-301F-11D3-BF4B-00C04F79EFBC}") = "Tarea1_Ejercicio2", "Tarea1_Ejercicio2\Tarea1_Ejercicio2.csproj", "{6B0982A5-0E61-43A6-80CE-88B0281F9F83}"
EndProject
Global
	GlobalSection(SolutionConfigurationPlatforms) = preSolution
		Debug|Any CPU = Debug|Any CPU
		Release|Any CPU = Release|Any CPU
	EndGlobalSection
	GlobalSection(ProjectConfigurationPlatforms) = postSolution
		{6B0982A5-0E61-43A6-80CE-88B0281F9F83}.Debug|Any CPU.ActiveCfg = Debug|Any CPU
		{6B0982A5-0E61-43A6-80CE-88B0281F9F83}.Debug|Any CPU.Build.0 = Debug|Any CPU
		{6B0982A5-0E61-43A6-80CE-88B0281F9F83}.Release|Any CPU.ActiveCfg = Release|Any CPU
		{6B0982A5-0E61-43A6-80CE-88B0281F9F83}.Release|Any CPU.Build.0 = Release|Any CPU
	EndGlobalSection
	GlobalSection(SolutionProperties) = preSolution
		HideSolutionNode = FALSE
	EndGlobalSection
	GlobalSection(ExtensibilityGlobals) = postSolution
		SolutionGuid = {76F4418E-DF11-416E-923C-971BE074E42C}
	EndGlobalSection
EndGlobal
